// !$*UTF8*$!
{
	archiveVersion = 1;
	classes = {
	};
	objectVersion = 55;
	objects = {

/* Begin PBXBuildFile section */
		D69E7F412A36FF6B00EAF8BD /* SwiftUITableViewApp.swift in Sources */ = {isa = PBXBuildFile; fileRef = D69E7F402A36FF6B00EAF8BD /* SwiftUITableViewApp.swift */; };
		D69E7F432A36FF6B00EAF8BD /* ContentView.swift in Sources */ = {isa = PBXBuildFile; fileRef = D69E7F422A36FF6B00EAF8BD /* ContentView.swift */; };
		D69E7F452A36FF6C00EAF8BD /* Assets.xcassets in Resources */ = {isa = PBXBuildFile; fileRef = D69E7F442A36FF6C00EAF8BD /* Assets.xcassets */; };
		D69E7F482A36FF6C00EAF8BD /* Preview Assets.xcassets in Resources */ = {isa = PBXBuildFile; fileRef = D69E7F472A36FF6C00EAF8BD /* Preview Assets.xcassets */; };
		D69E7F522A36FF6D00EAF8BD /* SwiftUITableViewTests.swift in Sources */ = {isa = PBXBuildFile; fileRef = D69E7F512A36FF6D00EAF8BD /* SwiftUITableViewTests.swift */; };
		D69E7F5C2A36FF6D00EAF8BD /* SwiftUITableViewUITests.swift in Sources */ = {isa = PBXBuildFile; fileRef = D69E7F5B2A36FF6D00EAF8BD /* SwiftUITableViewUITests.swift */; };
		D69E7F5E2A36FF6D00EAF8BD /* SwiftUITableViewUITestsLaunchTests.swift in Sources */ = {isa = PBXBuildFile; fileRef = D69E7F5D2A36FF6D00EAF8BD /* SwiftUITableViewUITestsLaunchTests.swift */; };
		D69E7F6B2A3702FF00EAF8BD /* DetailsView.swift in Sources */ = {isa = PBXBuildFile; fileRef = D69E7F6A2A3702FF00EAF8BD /* DetailsView.swift */; };
/* End PBXBuildFile section */

/* Begin PBXContainerItemProxy section */
		D69E7F4E2A36FF6D00EAF8BD /* PBXContainerItemProxy */ = {
			isa = PBXContainerItemProxy;
			containerPortal = D69E7F352A36FF6B00EAF8BD /* Project object */;
			proxyType = 1;
			remoteGlobalIDString = D69E7F3C2A36FF6B00EAF8BD;
			remoteInfo = SwiftUITableView;
		};
		D69E7F582A36FF6D00EAF8BD /* PBXContainerItemProxy */ = {
			isa = PBXContainerItemProxy;
			containerPortal = D69E7F352A36FF6B00EAF8BD /* Project object */;
			proxyType = 1;
			remoteGlobalIDString = D69E7F3C2A36FF6B00EAF8BD;
			remoteInfo = SwiftUITableView;
		};
/* End PBXContainerItemProxy section */

/* Begin PBXFileReference section */
		D69E7F3D2A36FF6B00EAF8BD /* SwiftUITableView.app */ = {isa = PBXFileReference; explicitFileType = wrapper.application; includeInIndex = 0; path = SwiftUITableView.app; sourceTree = BUILT_PRODUCTS_DIR; };
		D69E7F402A36FF6B00EAF8BD /* SwiftUITableViewApp.swift */ = {isa = PBXFileReference; lastKnownFileType = sourcecode.swift; path = SwiftUITableViewApp.swift; sourceTree = "<group>"; };
		D69E7F422A36FF6B00EAF8BD /* ContentView.swift */ = {isa = PBXFileReference; lastKnownFileType = sourcecode.swift; path = ContentView.swift; sourceTree = "<group>"; };
		D69E7F442A36FF6C00EAF8BD /* Assets.xcassets */ = {isa = PBXFileReference; lastKnownFileType = folder.assetcatalog; path = Assets.xcassets; sourceTree = "<group>"; };
		D69E7F472A36FF6C00EAF8BD /* Preview Assets.xcassets */ = {isa = PBXFileReference; lastKnownFileType = folder.assetcatalog; path = "Preview Assets.xcassets"; sourceTree = "<group>"; };
		D69E7F4D2A36FF6D00EAF8BD /* SwiftUITableViewTests.xctest */ = {isa = PBXFileReference; explicitFileType = wrapper.cfbundle; includeInIndex = 0; path = SwiftUITableViewTests.xctest; sourceTree = BUILT_PRODUCTS_DIR; };
		D69E7F512A36FF6D00EAF8BD /* SwiftUITableViewTests.swift */ = {isa = PBXFileReference; lastKnownFileType = sourcecode.swift; path = SwiftUITableViewTests.swift; sourceTree = "<group>"; };
		D69E7F572A36FF6D00EAF8BD /* SwiftUITableViewUITests.xctest */ = {isa = PBXFileReference; explicitFileType = wrapper.cfbundle; includeInIndex = 0; path = SwiftUITableViewUITests.xctest; sourceTree = BUILT_PRODUCTS_DIR; };
		D69E7F5B2A36FF6D00EAF8BD /* SwiftUITableViewUITests.swift */ = {isa = PBXFileReference; lastKnownFileType = sourcecode.swift; path = SwiftUITableViewUITests.swift; sourceTree = "<group>"; };
		D69E7F5D2A36FF6D00EAF8BD /* SwiftUITableViewUITestsLaunchTests.swift */ = {isa = PBXFileReference; lastKnownFileType = sourcecode.swift; path = SwiftUITableViewUITestsLaunchTests.swift; sourceTree = "<group>"; };
		D69E7F6A2A3702FF00EAF8BD /* DetailsView.swift */ = {isa = PBXFileReference; lastKnownFileType = sourcecode.swift; path = DetailsView.swift; sourceTree = "<group>"; };
/* End PBXFileReference section */

/* Begin PBXFrameworksBuildPhase section */
		D69E7F3A2A36FF6B00EAF8BD /* Frameworks */ = {
			isa = PBXFrameworksBuildPhase;
			buildActionMask = 2147483647;
			files = (
			);
			runOnlyForDeploymentPostprocessing = 0;
		};
		D69E7F4A2A36FF6D00EAF8BD /* Frameworks */ = {
			isa = PBXFrameworksBuildPhase;
			buildActionMask = 2147483647;
			files = (
			);
			runOnlyForDeploymentPostprocessing = 0;
		};
		D69E7F542A36FF6D00EAF8BD /* Frameworks */ = {
			isa = PBXFrameworksBuildPhase;
			buildActionMask = 2147483647;
			files = (
			);
			runOnlyForDeploymentPostprocessing = 0;
		};
/* End PBXFrameworksBuildPhase section */

/* Begin PBXGroup section */
		D69E7F342A36FF6B00EAF8BD = {
			isa = PBXGroup;
			children = (
				D69E7F3F2A36FF6B00EAF8BD /* SwiftUITableView */,
				D69E7F502A36FF6D00EAF8BD /* SwiftUITableViewTests */,
				D69E7F5A2A36FF6D00EAF8BD /* SwiftUITableViewUITests */,
				D69E7F3E2A36FF6B00EAF8BD /* Products */,
			);
			sourceTree = "<group>";
		};
		D69E7F3E2A36FF6B00EAF8BD /* Products */ = {
			isa = PBXGroup;
			children = (
				D69E7F3D2A36FF6B00EAF8BD /* SwiftUITableView.app */,
				D69E7F4D2A36FF6D00EAF8BD /* SwiftUITableViewTests.xctest */,
				D69E7F572A36FF6D00EAF8BD /* SwiftUITableViewUITests.xctest */,
			);
			name = Products;
			sourceTree = "<group>";
		};
		D69E7F3F2A36FF6B00EAF8BD /* SwiftUITableView */ = {
			isa = PBXGroup;
			children = (
				D69E7F402A36FF6B00EAF8BD /* SwiftUITableViewApp.swift */,
				D69E7F422A36FF6B00EAF8BD /* ContentView.swift */,
				D69E7F442A36FF6C00EAF8BD /* Assets.xcassets */,
				D69E7F462A36FF6C00EAF8BD /* Preview Content */,
				D69E7F6A2A3702FF00EAF8BD /* DetailsView.swift */,
			);
			path = SwiftUITableView;
			sourceTree = "<group>";
		};
		D69E7F462A36FF6C00EAF8BD /* Preview Content */ = {
			isa = PBXGroup;
			children = (
				D69E7F472A36FF6C00EAF8BD /* Preview Assets.xcassets */,
			);
			path = "Preview Content";
			sourceTree = "<group>";
		};
		D69E7F502A36FF6D00EAF8BD /* SwiftUITableViewTests */ = {
			isa = PBXGroup;
			children = (
				D69E7F512A36FF6D00EAF8BD /* SwiftUITableViewTests.swift */,
			);
			path = SwiftUITableViewTests;
			sourceTree = "<group>";
		};
		D69E7F5A2A36FF6D00EAF8BD /* SwiftUITableViewUITests */ = {
			isa = PBXGroup;
			children = (
				D69E7F5B2A36FF6D00EAF8BD /* SwiftUITableViewUITests.swift */,
				D69E7F5D2A36FF6D00EAF8BD /* SwiftUITableViewUITestsLaunchTests.swift */,
			);
			path = SwiftUITableViewUITests;
			sourceTree = "<group>";
		};
/* End PBXGroup section */

/* Begin PBXNativeTarget section */
		D69E7F3C2A36FF6B00EAF8BD /* SwiftUITableView */ = {
			isa = PBXNativeTarget;
			buildConfigurationList = D69E7F612A36FF6D00EAF8BD /* Build configuration list for PBXNativeTarget "SwiftUITableView" */;
			buildPhases = (
				D69E7F392A36FF6B00EAF8BD /* Sources */,
				D69E7F3A2A36FF6B00EAF8BD /* Frameworks */,
				D69E7F3B2A36FF6B00EAF8BD /* Resources */,
			);
			buildRules = (
			);
			dependencies = (
			);
			name = SwiftUITableView;
			productName = SwiftUITableView;
			productReference = D69E7F3D2A36FF6B00EAF8BD /* SwiftUITableView.app */;
			productType = "com.apple.product-type.application";
		};
		D69E7F4C2A36FF6D00EAF8BD /* SwiftUITableViewTests */ = {
			isa = PBXNativeTarget;
			buildConfigurationList = D69E7F642A36FF6D00EAF8BD /* Build configuration list for PBXNativeTarget "SwiftUITableViewTests" */;
			buildPhases = (
				D69E7F492A36FF6D00EAF8BD /* Sources */,
				D69E7F4A2A36FF6D00EAF8BD /* Frameworks */,
				D69E7F4B2A36FF6D00EAF8BD /* Resources */,
			);
			buildRules = (
			);
			dependencies = (
				D69E7F4F2A36FF6D00EAF8BD /* PBXTargetDependency */,
			);
			name = SwiftUITableViewTests;
			productName = SwiftUITableViewTests;
			productReference = D69E7F4D2A36FF6D00EAF8BD /* SwiftUITableViewTests.xctest */;
			productType = "com.apple.product-type.bundle.unit-test";
		};
		D69E7F562A36FF6D00EAF8BD /* SwiftUITableViewUITests */ = {
			isa = PBXNativeTarget;
			buildConfigurationList = D69E7F672A36FF6D00EAF8BD /* Build configuration list for PBXNativeTarget "SwiftUITableViewUITests" */;
			buildPhases = (
				D69E7F532A36FF6D00EAF8BD /* Sources */,
				D69E7F542A36FF6D00EAF8BD /* Frameworks */,
				D69E7F552A36FF6D00EAF8BD /* Resources */,
			);
			buildRules = (
			);
			dependencies = (
				D69E7F592A36FF6D00EAF8BD /* PBXTargetDependency */,
			);
			name = SwiftUITableViewUITests;
			productName = SwiftUITableViewUITests;
			productReference = D69E7F572A36FF6D00EAF8BD /* SwiftUITableViewUITests.xctest */;
			productType = "com.apple.product-type.bundle.ui-testing";
		};
/* End PBXNativeTarget section */

/* Begin PBXProject section */
		D69E7F352A36FF6B00EAF8BD /* Project object */ = {
			isa = PBXProject;
			attributes = {
				BuildIndependentTargetsInParallel = 1;
				LastSwiftUpdateCheck = 1320;
				LastUpgradeCheck = 1320;
				TargetAttributes = {
					D69E7F3C2A36FF6B00EAF8BD = {
						CreatedOnToolsVersion = 13.2.1;
					};
					D69E7F4C2A36FF6D00EAF8BD = {
						CreatedOnToolsVersion = 13.2.1;
						TestTargetID = D69E7F3C2A36FF6B00EAF8BD;
					};
					D69E7F562A36FF6D00EAF8BD = {
						CreatedOnToolsVersion = 13.2.1;
						TestTargetID = D69E7F3C2A36FF6B00EAF8BD;
					};
				};
			};
			buildConfigurationList = D69E7F382A36FF6B00EAF8BD /* Build configuration list for PBXProject "SwiftUITableView" */;
			compatibilityVersion = "Xcode 13.0";
			developmentRegion = en;
			hasScannedForEncodings = 0;
			knownRegions = (
				en,
				Base,
			);
			mainGroup = D69E7F342A36FF6B00EAF8BD;
			productRefGroup = D69E7F3E2A36FF6B00EAF8BD /* Products */;
			projectDirPath = "";
			projectRoot = "";
			targets = (
				D69E7F3C2A36FF6B00EAF8BD /* SwiftUITableView */,
				D69E7F4C2A36FF6D00EAF8BD /* SwiftUITableViewTests */,
				D69E7F562A36FF6D00EAF8BD /* SwiftUITableViewUITests */,
			);
		};
/* End PBXProject section */

/* Begin PBXResourcesBuildPhase section */
		D69E7F3B2A36FF6B00EAF8BD /* Resources */ = {
			isa = PBXResourcesBuildPhase;
			buildActionMask = 2147483647;
			files = (
				D69E7F482A36FF6C00EAF8BD /* Preview Assets.xcassets in Resources */,
				D69E7F452A36FF6C00EAF8BD /* Assets.xcassets in Resources */,
			);
			runOnlyForDeploymentPostprocessing = 0;
		};
		D69E7F4B2A36FF6D00EAF8BD /* Resources */ = {
			isa = PBXResourcesBuildPhase;
			buildActionMask = 2147483647;
			files = (
			);
			runOnlyForDeploymentPostprocessing = 0;
		};
		D69E7F552A36FF6D00EAF8BD /* Resources */ = {
			isa = PBXResourcesBuildPhase;
			buildActionMask = 2147483647;
			files = (
			);
			runOnlyForDeploymentPostprocessing = 0;
		};
/* End PBXResourcesBuildPhase section */

/* Begin PBXSourcesBuildPhase section */
		D69E7F392A36FF6B00EAF8BD /* Sources */ = {
			isa = PBXSourcesBuildPhase;
			buildActionMask = 2147483647;
			files = (
				D69E7F432A36FF6B00EAF8BD /* ContentView.swift in Sources */,
				D69E7F412A36FF6B00EAF8BD /* SwiftUITableViewApp.swift in Sources */,
				D69E7F6B2A3702FF00EAF8BD /* DetailsView.swift in Sources */,
			);
			runOnlyForDeploymentPostprocessing = 0;
		};
		D69E7F492A36FF6D00EAF8BD /* Sources */ = {
			isa = PBXSourcesBuildPhase;
			buildActionMask = 2147483647;
			files = (
				D69E7F522A36FF6D00EAF8BD /* SwiftUITableViewTests.swift in Sources */,
			);
			runOnlyForDeploymentPostprocessing = 0;
		};
		D69E7F532A36FF6D00EAF8BD /* Sources */ = {
			isa = PBXSourcesBuildPhase;
			buildActionMask = 2147483647;
			files = (
				D69E7F5E2A36FF6D00EAF8BD /* SwiftUITableViewUITestsLaunchTests.swift in Sources */,
				D69E7F5C2A36FF6D00EAF8BD /* SwiftUITableViewUITests.swift in Sources */,
			);
			runOnlyForDeploymentPostprocessing = 0;
		};
/* End PBXSourcesBuildPhase section */

/* Begin PBXTargetDependency section */
		D69E7F4F2A36FF6D00EAF8BD /* PBXTargetDependency */ = {
			isa = PBXTargetDependency;
			target = D69E7F3C2A36FF6B00EAF8BD /* SwiftUITableView */;
			targetProxy = D69E7F4E2A36FF6D00EAF8BD /* PBXContainerItemProxy */;
		};
		D69E7F592A36FF6D00EAF8BD /* PBXTargetDependency */ = {
			isa = PBXTargetDependency;
			target = D69E7F3C2A36FF6B00EAF8BD /* SwiftUITableView */;
			targetProxy = D69E7F582A36FF6D00EAF8BD /* PBXContainerItemProxy */;
		};
/* End PBXTargetDependency section */

/* Begin XCBuildConfiguration section */
		D69E7F5F2A36FF6D00EAF8BD /* Debug */ = {
			isa = XCBuildConfiguration;
			buildSettings = {
				ALWAYS_SEARCH_USER_PATHS = NO;
				CLANG_ANALYZER_NONNULL = YES;
				CLANG_ANALYZER_NUMBER_OBJECT_CONVERSION = YES_AGGRESSIVE;
				CLANG_CXX_LANGUAGE_STANDARD = "gnu++17";
				CLANG_CXX_LIBRARY = "libc++";
				CLANG_ENABLE_MODULES = YES;
				CLANG_ENABLE_OBJC_ARC = YES;
				CLANG_ENABLE_OBJC_WEAK = YES;
				CLANG_WARN_BLOCK_CAPTURE_AUTORELEASING = YES;
				CLANG_WARN_BOOL_CONVERSION = YES;
				CLANG_WARN_COMMA = YES;
				CLANG_WARN_CONSTANT_CONVERSION = YES;
				CLANG_WARN_DEPRECATED_OBJC_IMPLEMENTATIONS = YES;
				CLANG_WARN_DIRECT_OBJC_ISA_USAGE = YES_ERROR;
				CLANG_WARN_DOCUMENTATION_COMMENTS = YES;
				CLANG_WARN_EMPTY_BODY = YES;
				CLANG_WARN_ENUM_CONVERSION = YES;
				CLANG_WARN_INFINITE_RECURSION = YES;
				CLANG_WARN_INT_CONVERSION = YES;
				CLANG_WARN_NON_LITERAL_NULL_CONVERSION = YES;
				CLANG_WARN_OBJC_IMPLICIT_RETAIN_SELF = YES;
				CLANG_WARN_OBJC_LITERAL_CONVERSION = YES;
				CLANG_WARN_OBJC_ROOT_CLASS = YES_ERROR;
				CLANG_WARN_QUOTED_INCLUDE_IN_FRAMEWORK_HEADER = YES;
				CLANG_WARN_RANGE_LOOP_ANALYSIS = YES;
				CLANG_WARN_STRICT_PROTOTYPES = YES;
				CLANG_WARN_SUSPICIOUS_MOVE = YES;
				CLANG_WARN_UNGUARDED_AVAILABILITY = YES_AGGRESSIVE;
				CLANG_WARN_UNREACHABLE_CODE = YES;
				CLANG_WARN__DUPLICATE_METHOD_MATCH = YES;
				COPY_PHASE_STRIP = NO;
				DEBUG_INFORMATION_FORMAT = dwarf;
				ENABLE_STRICT_OBJC_MSGSEND = YES;
				ENABLE_TESTABILITY = YES;
				GCC_C_LANGUAGE_STANDARD = gnu11;
				GCC_DYNAMIC_NO_PIC = NO;
				GCC_NO_COMMON_BLOCKS = YES;
				GCC_OPTIMIZATION_LEVEL = 0;
				GCC_PREPROCESSOR_DEFINITIONS = (
					"DEBUG=1",
					"$(inherited)",
				);
				GCC_WARN_64_TO_32_BIT_CONVERSION = YES;
				GCC_WARN_ABOUT_RETURN_TYPE = YES_ERROR;
				GCC_WARN_UNDECLARED_SELECTOR = YES;
				GCC_WARN_UNINITIALIZED_AUTOS = YES_AGGRESSIVE;
				GCC_WARN_UNUSED_FUNCTION = YES;
				GCC_WARN_UNUSED_VARIABLE = YES;
				IPHONEOS_DEPLOYMENT_TARGET = 15.2;
				MTL_ENABLE_DEBUG_INFO = INCLUDE_SOURCE;
				MTL_FAST_MATH = YES;
				ONLY_ACTIVE_ARCH = YES;
				SDKROOT = iphoneos;
				SWIFT_ACTIVE_COMPILATION_CONDITIONS = DEBUG;
				SWIFT_OPTIMIZATION_LEVEL = "-Onone";
			};
			name = Debug;
		};
		D69E7F602A36FF6D00EAF8BD /* Release */ = {
			isa = XCBuildConfiguration;
			buildSettings = {
				ALWAYS_SEARCH_USER_PATHS = NO;
				CLANG_ANALYZER_NONNULL = YES;
				CLANG_ANALYZER_NUMBER_OBJECT_CONVERSION = YES_AGGRESSIVE;
				CLANG_CXX_LANGUAGE_STANDARD = "gnu++17";
				CLANG_CXX_LIBRARY = "libc++";
				CLANG_ENABLE_MODULES = YES;
				CLANG_ENABLE_OBJC_ARC = YES;
				CLANG_ENABLE_OBJC_WEAK = YES;
				CLANG_WARN_BLOCK_CAPTURE_AUTORELEASING = YES;
				CLANG_WARN_BOOL_CONVERSION = YES;
				CLANG_WARN_COMMA = YES;
				CLANG_WARN_CONSTANT_CONVERSION = YES;
				CLANG_WARN_DEPRECATED_OBJC_IMPLEMENTATIONS = YES;
				CLANG_WARN_DIRECT_OBJC_ISA_USAGE = YES_ERROR;
				CLANG_WARN_DOCUMENTATION_COMMENTS = YES;
				CLANG_WARN_EMPTY_BODY = YES;
				CLANG_WARN_ENUM_CONVERSION = YES;
				CLANG_WARN_INFINITE_RECURSION = YES;
				CLANG_WARN_INT_CONVERSION = YES;
				CLANG_WARN_NON_LITERAL_NULL_CONVERSION = YES;
				CLANG_WARN_OBJC_IMPLICIT_RETAIN_SELF = YES;
				CLANG_WARN_OBJC_LITERAL_CONVERSION = YES;
				CLANG_WARN_OBJC_ROOT_CLASS = YES_ERROR;
				CLANG_WARN_QUOTED_INCLUDE_IN_FRAMEWORK_HEADER = YES;
				CLANG_WARN_RANGE_LOOP_ANALYSIS = YES;
				CLANG_WARN_STRICT_PROTOTYPES = YES;
				CLANG_WARN_SUSPICIOUS_MOVE = YES;
				CLANG_WARN_UNGUARDED_AVAILABILITY = YES_AGGRESSIVE;
				CLANG_WARN_UNREACHABLE_CODE = YES;
				CLANG_WARN__DUPLICATE_METHOD_MATCH = YES;
				COPY_PHASE_STRIP = NO;
				DEBUG_INFORMATION_FORMAT = "dwarf-with-dsym";
				ENABLE_NS_ASSERTIONS = NO;
				ENABLE_STRICT_OBJC_MSGSEND = YES;
				GCC_C_LANGUAGE_STANDARD = gnu11;
				GCC_NO_COMMON_BLOCKS = YES;
				GCC_WARN_64_TO_32_BIT_CONVERSION = YES;
				GCC_WARN_ABOUT_RETURN_TYPE = YES_ERROR;
				GCC_WARN_UNDECLARED_SELECTOR = YES;
				GCC_WARN_UNINITIALIZED_AUTOS = YES_AGGRESSIVE;
				GCC_WARN_UNUSED_FUNCTION = YES;
				GCC_WARN_UNUSED_VARIABLE = YES;
				IPHONEOS_DEPLOYMENT_TARGET = 15.2;
				MTL_ENABLE_DEBUG_INFO = NO;
				MTL_FAST_MATH = YES;
				SDKROOT = iphoneos;
				SWIFT_COMPILATION_MODE = wholemodule;
				SWIFT_OPTIMIZATION_LEVEL = "-O";
				VALIDATE_PRODUCT = YES;
			};
			name = Release;
		};
		D69E7F622A36FF6D00EAF8BD /* Debug */ = {
			isa = XCBuildConfiguration;
			buildSettings = {
				ASSETCATALOG_COMPILER_APPICON_NAME = AppIcon;
				ASSETCATALOG_COMPILER_GLOBAL_ACCENT_COLOR_NAME = AccentColor;
				CODE_SIGN_STYLE = Automatic;
				CURRENT_PROJECT_VERSION = 1;
				DEVELOPMENT_ASSET_PATHS = "\"SwiftUITableView/Preview Content\"";
				DEVELOPMENT_TEAM = K6LJCT8RAA;
				ENABLE_PREVIEWS = YES;
				GENERATE_INFOPLIST_FILE = YES;
				INFOPLIST_KEY_UIApplicationSceneManifest_Generation = YES;
				INFOPLIST_KEY_UIApplicationSupportsIndirectInputEvents = YES;
				INFOPLIST_KEY_UILaunchScreen_Generation = YES;
				INFOPLIST_KEY_UISupportedInterfaceOrientations_iPad = "UIInterfaceOrientationPortrait UIInterfaceOrientationPortraitUpsideDown UIInterfaceOrientationLandscapeLeft UIInterfaceOrientationLandscapeRight";
				INFOPLIST_KEY_UISupportedInterfaceOrientations_iPhone = "UIInterfaceOrientationPortrait UIInterfaceOrientationLandscapeLeft UIInterfaceOrientationLandscapeRight";
				LD_RUNPATH_SEARCH_PATHS = (
					"$(inherited)",
					"@executable_path/Frameworks",
				);
				MARKETING_VERSION = 1.0;
				PRODUCT_BUNDLE_IDENTIFIER = com.ios.SwiftUITableView;
				PRODUCT_NAME = "$(TARGET_NAME)";
				SWIFT_EMIT_LOC_STRINGS = YES;
				SWIFT_VERSION = 5.0;
				TARGETED_DEVICE_FAMILY = "1,2";
			};
			name = Debug;
		};
		D69E7F632A36FF6D00EAF8BD /* Release */ = {
			isa = XCBuildConfiguration;
			buildSettings = {
				ASSETCATALOG_COMPILER_APPICON_NAME = AppIcon;
				ASSETCATALOG_COMPILER_GLOBAL_ACCENT_COLOR_NAME = AccentColor;
				CODE_SIGN_STYLE = Automatic;
				CURRENT_PROJECT_VERSION = 1;
				DEVELOPMENT_ASSET_PATHS = "\"SwiftUITableView/Preview Content\"";
				DEVELOPMENT_TEAM = K6LJCT8RAA;
				ENABLE_PREVIEWS = YES;
				GENERATE_INFOPLIST_FILE = YES;
				INFOPLIST_KEY_UIApplicationSceneManifest_Generation = YES;
				INFOPLIST_KEY_UIApplicationSupportsIndirectInputEvents = YES;
				INFOPLIST_KEY_UILaunchScreen_Generation = YES;
				INFOPLIST_KEY_UISupportedInterfaceOrientations_iPad = "UIInterfaceOrientationPortrait UIInterfaceOrientationPortraitUpsideDown UIInterfaceOrientationLandscapeLeft UIInterfaceOrientationLandscapeRight";
				INFOPLIST_KEY_UISupportedInterfaceOrientations_iPhone = "UIInterfaceOrientationPortrait UIInterfaceOrientationLandscapeLeft UIInterfaceOrientationLandscapeRight";
				LD_RUNPATH_SEARCH_PATHS = (
					"$(inherited)",
					"@executable_path/Frameworks",
				);
				MARKETING_VERSION = 1.0;
				PRODUCT_BUNDLE_IDENTIFIER = com.ios.SwiftUITableView;
				PRODUCT_NAME = "$(TARGET_NAME)";
				SWIFT_EMIT_LOC_STRINGS = YES;
				SWIFT_VERSION = 5.0;
				TARGETED_DEVICE_FAMILY = "1,2";
			};
			name = Release;
		};
		D69E7F652A36FF6D00EAF8BD /* Debug */ = {
			isa = XCBuildConfiguration;
			buildSettings = {
				ALWAYS_EMBED_SWIFT_STANDARD_LIBRARIES = YES;
				BUNDLE_LOADER = "$(TEST_HOST)";
				CODE_SIGN_STYLE = Automatic;
				CURRENT_PROJECT_VERSION = 1;
				DEVELOPMENT_TEAM = K6LJCT8RAA;
				GENERATE_INFOPLIST_FILE = YES;
				IPHONEOS_DEPLOYMENT_TARGET = 15.2;
				MARKETING_VERSION = 1.0;
				PRODUCT_BUNDLE_IDENTIFIER = com.ios.SwiftUITableViewTests;
				PRODUCT_NAME = "$(TARGET_NAME)";
				SWIFT_EMIT_LOC_STRINGS = NO;
				SWIFT_VERSION = 5.0;
				TARGETED_DEVICE_FAMILY = "1,2";
				TEST_HOST = "$(BUILT_PRODUCTS_DIR)/SwiftUITableView.app/SwiftUITableView";
			};
			name = Debug;
		};
		D69E7F662A36FF6D00EAF8BD /* Release */ = {
			isa = XCBuildConfiguration;
			buildSettings = {
				ALWAYS_EMBED_SWIFT_STANDARD_LIBRARIES = YES;
				BUNDLE_LOADER = "$(TEST_HOST)";
				CODE_SIGN_STYLE = Automatic;
				CURRENT_PROJECT_VERSION = 1;
				DEVELOPMENT_TEAM = K6LJCT8RAA;
				GENERATE_INFOPLIST_FILE = YES;
				IPHONEOS_DEPLOYMENT_TARGET = 15.2;
				MARKETING_VERSION = 1.0;
				PRODUCT_BUNDLE_IDENTIFIER = com.ios.SwiftUITableViewTests;
				PRODUCT_NAME = "$(TARGET_NAME)";
				SWIFT_EMIT_LOC_STRINGS = NO;
				SWIFT_VERSION = 5.0;
				TARGETED_DEVICE_FAMILY = "1,2";
				TEST_HOST = "$(BUILT_PRODUCTS_DIR)/SwiftUITableView.app/SwiftUITableView";
			};
			name = Release;
		};
		D69E7F682A36FF6D00EAF8BD /* Debug */ = {
			isa = XCBuildConfiguration;
			buildSettings = {
				ALWAYS_EMBED_SWIFT_STANDARD_LIBRARIES = YES;
				CODE_SIGN_STYLE = Automatic;
				CURRENT_PROJECT_VERSION = 1;
				DEVELOPMENT_TEAM = K6LJCT8RAA;
				GENERATE_INFOPLIST_FILE = YES;
				MARKETING_VERSION = 1.0;
				PRODUCT_BUNDLE_IDENTIFIER = com.ios.SwiftUITableViewUITests;
				PRODUCT_NAME = "$(TARGET_NAME)";
				SWIFT_EMIT_LOC_STRINGS = NO;
				SWIFT_VERSION = 5.0;
				TARGETED_DEVICE_FAMILY = "1,2";
				TEST_TARGET_NAME = SwiftUITableView;
			};
			name = Debug;
		};
		D69E7F692A36FF6D00EAF8BD /* Release */ = {
			isa = XCBuildConfiguration;
			buildSettings = {
				ALWAYS_EMBED_SWIFT_STANDARD_LIBRARIES = YES;
				CODE_SIGN_STYLE = Automatic;
				CURRENT_PROJECT_VERSION = 1;
				DEVELOPMENT_TEAM = K6LJCT8RAA;
				GENERATE_INFOPLIST_FILE = YES;
				MARKETING_VERSION = 1.0;
				PRODUCT_BUNDLE_IDENTIFIER = com.ios.SwiftUITableViewUITests;
				PRODUCT_NAME = "$(TARGET_NAME)";
				SWIFT_EMIT_LOC_STRINGS = NO;
				SWIFT_VERSION = 5.0;
				TARGETED_DEVICE_FAMILY = "1,2";
				TEST_TARGET_NAME = SwiftUITableView;
			};
			name = Release;
		};
/* End XCBuildConfiguration section */

/* Begin XCConfigurationList section */
		D69E7F382A36FF6B00EAF8BD /* Build configuration list for PBXProject "SwiftUITableView" */ = {
			isa = XCConfigurationList;
			buildConfigurations = (
				D69E7F5F2A36FF6D00EAF8BD /* Debug */,
				D69E7F602A36FF6D00EAF8BD /* Release */,
			);
			defaultConfigurationIsVisible = 0;
			defaultConfigurationName = Release;
		};
		D69E7F612A36FF6D00EAF8BD /* Build configuration list for PBXNativeTarget "SwiftUITableView" */ = {
			isa = XCConfigurationList;
			buildConfigurations = (
				D69E7F622A36FF6D00EAF8BD /* Debug */,
				D69E7F632A36FF6D00EAF8BD /* Release */,
			);
			defaultConfigurationIsVisible = 0;
			defaultConfigurationName = Release;
		};
		D69E7F642A36FF6D00EAF8BD /* Build configuration list for PBXNativeTarget "SwiftUITableViewTests" */ = {
			isa = XCConfigurationList;
			buildConfigurations = (
				D69E7F652A36FF6D00EAF8BD /* Debug */,
				D69E7F662A36FF6D00EAF8BD /* Release */,
			);
			defaultConfigurationIsVisible = 0;
			defaultConfigurationName = Release;
		};
		D69E7F672A36FF6D00EAF8BD /* Build configuration list for PBXNativeTarget "SwiftUITableViewUITests" */ = {
			isa = XCConfigurationList;
			buildConfigurations = (
				D69E7F682A36FF6D00EAF8BD /* Debug */,
				D69E7F692A36FF6D00EAF8BD /* Release */,
			);
			defaultConfigurationIsVisible = 0;
			defaultConfigurationName = Release;
		};
/* End XCConfigurationList section */
	};
	rootObject = D69E7F352A36FF6B00EAF8BD /* Project object */;
}
